
Microsoft Visual Studio Solution File, Format Version 12.00
# Visual Studio Version 17
VisualStudioVersion = 17.0.32014.148
MinimumVisualStudioVersion = 10.0.40219.1
Project("{FAE04EC0-301F-11D3-BF4B-00C04F79EFBC}") = "DPProj", "DPProj\DPProj.csproj", "{2CB5DA22-6956-409F-949A-6C03B5434919}"
EndProject
Global
	GlobalSection(SolutionConfigurationPlatforms) = preSolution
		Debug|Any CPU = Debug|Any CPU
		Release|Any CPU = Release|Any CPU
	EndGlobalSection
	GlobalSection(ProjectConfigurationPlatforms) = postSolution
		{2CB5DA22-6956-409F-949A-6C03B5434919}.Debug|Any CPU.ActiveCfg = Debug|Any CPU
		{2CB5DA22-6956-409F-949A-6C03B5434919}.Debug|Any CPU.Build.0 = Debug|Any CPU
		{2CB5DA22-6956-409F-949A-6C03B5434919}.Release|Any CPU.ActiveCfg = Release|Any CPU
		{2CB5DA22-6956-409F-949A-6C03B5434919}.Release|Any CPU.Build.0 = Release|Any CPU
	EndGlobalSection
	GlobalSection(SolutionProperties) = preSolution
		HideSolutionNode = FALSE
	EndGlobalSection
	GlobalSection(ExtensibilityGlobals) = postSolution
		SolutionGuid = {4B4DFA5D-548D-44EE-B799-BE0F8E525E22}
	EndGlobalSection
EndGlobal
